
Microsoft Visual Studio Solution File, Format Version 12.00
# Visual Studio 15
VisualStudioVersion = 15.0.28307.1831
MinimumVisualStudioVersion = 10.0.40219.1
Project("{FAE04EC0-301F-11D3-BF4B-00C04F79EFBC}") = "Podhodi_vag", "Podhodi_vag\Podhodi_vag.csproj", "{C8A23BA2-25E5-4593-A17B-2F51C619C389}"
EndProject
Global
	GlobalSection(SolutionConfigurationPlatforms) = preSolution
		Debug|Any CPU = Debug|Any CPU
		Release|Any CPU = Release|Any CPU
	EndGlobalSection
	GlobalSection(ProjectConfigurationPlatforms) = postSolution
		{C8A23BA2-25E5-4593-A17B-2F51C619C389}.Debug|Any CPU.ActiveCfg = Debug|Any CPU
		{C8A23BA2-25E5-4593-A17B-2F51C619C389}.Debug|Any CPU.Build.0 = Debug|Any CPU
		{C8A23BA2-25E5-4593-A17B-2F51C619C389}.Release|Any CPU.ActiveCfg = Release|Any CPU
		{C8A23BA2-25E5-4593-A17B-2F51C619C389}.Release|Any CPU.Build.0 = Release|Any CPU
	EndGlobalSection
	GlobalSection(SolutionProperties) = preSolution
		HideSolutionNode = FALSE
	EndGlobalSection
	GlobalSection(ExtensibilityGlobals) = postSolution
		SolutionGuid = {E8FE7492-7A0D-4A97-92BE-C91E1025E76D}
	EndGlobalSection
EndGlobal
